
Microsoft Visual Studio Solution File, Format Version 12.00
# Visual Studio Version 17
VisualStudioVersion = 17.14.36203.30
MinimumVisualStudioVersion = 10.0.40219.1
Project("{FAE04EC0-301F-11D3-BF4B-00C04F79EFBC}") = "GYM-System", "GYM-System\GYM-System.csproj", "{9DBD5652-DECC-44CD-9D34-31F3FC32AFA4}"
EndProject
Global
	GlobalSection(SolutionConfigurationPlatforms) = preSolution
		Debug|Any CPU = Debug|Any CPU
		Release|Any CPU = Release|Any CPU
	EndGlobalSection
	GlobalSection(ProjectConfigurationPlatforms) = postSolution
		{9DBD5652-DECC-44CD-9D34-31F3FC32AFA4}.Debug|Any CPU.ActiveCfg = Debug|Any CPU
		{9DBD5652-DECC-44CD-9D34-31F3FC32AFA4}.Debug|Any CPU.Build.0 = Debug|Any CPU
		{9DBD5652-DECC-44CD-9D34-31F3FC32AFA4}.Release|Any CPU.ActiveCfg = Release|Any CPU
		{9DBD5652-DECC-44CD-9D34-31F3FC32AFA4}.Release|Any CPU.Build.0 = Release|Any CPU
	EndGlobalSection
	GlobalSection(SolutionProperties) = preSolution
		HideSolutionNode = FALSE
	EndGlobalSection
	GlobalSection(ExtensibilityGlobals) = postSolution
		SolutionGuid = {CD378A2C-BEA7-4AAB-B10F-E549B7FB320E}
	EndGlobalSection
EndGlobal
